
Microsoft Visual Studio Solution File, Format Version 12.00
# Visual Studio Version 16
VisualStudioVersion = 16.0.29418.71
MinimumVisualStudioVersion = 10.0.40219.1
Project("{FAE04EC0-301F-11D3-BF4B-00C04F79EFBC}") = "SendingSourceCreater", "SendingSourceCreater\SendingSourceCreater.csproj", "{B0A24389-CE85-449D-9E80-6946B9F612A4}"
EndProject
Global
	GlobalSection(SolutionConfigurationPlatforms) = preSolution
		Debug|Any CPU = Debug|Any CPU
		Release|Any CPU = Release|Any CPU
	EndGlobalSection
	GlobalSection(ProjectConfigurationPlatforms) = postSolution
		{B0A24389-CE85-449D-9E80-6946B9F612A4}.Debug|Any CPU.ActiveCfg = Debug|Any CPU
		{B0A24389-CE85-449D-9E80-6946B9F612A4}.Debug|Any CPU.Build.0 = Debug|Any CPU
		{B0A24389-CE85-449D-9E80-6946B9F612A4}.Release|Any CPU.ActiveCfg = Release|Any CPU
		{B0A24389-CE85-449D-9E80-6946B9F612A4}.Release|Any CPU.Build.0 = Release|Any CPU
	EndGlobalSection
	GlobalSection(SolutionProperties) = preSolution
		HideSolutionNode = FALSE
	EndGlobalSection
	GlobalSection(ExtensibilityGlobals) = postSolution
		SolutionGuid = {05670DC6-7DAB-4C41-86F7-F78D540C1FDA}
	EndGlobalSection
EndGlobal
